# This file is automatically @generated by Cargo.
# It is not intended for manual editing.
version = 3

[[package]]
name = "ai-guardian"
version = "1.0.0"
dependencies = [
 "burn 0.8.0",
 "candle-core 0.3.0",
 "criterion 0.5.0",
 "nats 2.10.0",
 "polars 0.34.0",
 "prost-build 0.12.0",
 "serde 1.0.0",
 "temporal-sdk-rs 1.20.0",
 "tokio 1.32.0",
 "tokio-test 0.4.0",
 "tonic 0.10.0",
 "tonic-build 0.10.0",
 "tracing 0.1.0",
 "zeromq 4.3.0",
]

[[package]]
name = "burn"
version = "0.8.0"
source = "registry+https://github.com/rust-lang/crates.io-index"
checksum = "auto-generated"
dependencies = [
 "cuda-runtime-sys",
 "libc",
]

[[package]]
name = "candle-core"
version = "0.3.0"
source = "registry+https://github.com/rust-lang/crates.io-index"
checksum = "auto-generated"
dependencies = [
 "cuda-runtime-sys",
 "metal",
]

[[package]]
name = "criterion"
version = "0.5.0"
source = "registry+https://github.com/rust-lang/crates.io-index"
checksum = "auto-generated"

[[package]]
name = "cuda-runtime-sys"
version = "0.3.0-alpha.1"
source = "registry+https://github.com/rust-lang/crates.io-index"
checksum = "auto-generated"

[[package]]
name = "libc"
version = "0.2.147"
source = "registry+https://github.com/rust-lang/crates.io-index"
checksum = "auto-generated"

[[package]]
name = "metal"
version = "0.27.0"
source = "registry+https://github.com/rust-lang/crates.io-index"
checksum = "auto-generated"

[[package]]
name = "nats"
version = "2.10.0"
source = "registry+https://github.com/rust-lang/crates.io-index"
checksum = "auto-generated"
dependencies = [
 "rustls",
]

[[package]]
name = "polars"
version = "0.34.0"
source = "registry+https://github.com/rust-lang/crates.io-index"
checksum = "auto-generated"

[[package]]
name = "prost-build"
version = "0.12.0"
source = "registry+https://github.com/rust-lang/crates.io-index"
checksum = "auto-generated"

[[package]]
name = "rustls"
version = "0.21.0"
source = "registry+https://github.com/rust-lang/crates.io-index"
checksum = "auto-generated"

[[package]]
name = "serde"
version = "1.0.0"
source = "registry+https://github.com/rust-lang/crates.io-index"
checksum = "auto-generated"
features = ["derive"]

[[package]]
name = "temporal-sdk-rs"
version = "1.20.0"
source = "registry+https://github.com/rust-lang/crates.io-index"
checksum = "auto-generated"
dependencies = [
 "tonic",
]

[[package]]
name = "tokio"
version = "1.32.0"
source = "registry+https://github.com/rust-lang/crates.io-index"
checksum = "auto-generated"
features = ["full", "macros", "rt-multi-thread"]

[[package]]
name = "tokio-test"
version = "0.4.0"
source = "registry+https://github.com/rust-lang/crates.io-index"
checksum = "auto-generated"
dependencies = [
 "tokio",
]

[[package]]
name = "tonic"
version = "0.10.0"
source = "registry+https://github.com/rust-lang/crates.io-index"
checksum = "auto-generated"
features = ["transport", "tls"]
dependencies = [
 "rustls",
]

[[package]]
name = "tonic-build"
version = "0.10.0"
source = "registry+https://github.com/rust-lang/crates.io-index"
checksum = "auto-generated"
dependencies = [
 "prost-build",
]

[[package]]
name = "tracing"
version = "0.1.0"
source = "registry+https://github.com/rust-lang/crates.io-index"
checksum = "auto-generated"
features = ["async-await", "log"]

[[package]]
name = "zeromq"
version = "4.3.0"
source = "registry+https://github.com/rust-lang/crates.io-index"
checksum = "auto-generated"